// !$*UTF8*$!
{
	archiveVersion = 1;
	classes = {
	};
	objectVersion = 56;
	objects = {

/* Begin PBXBuildFile section */
		200000000000000000000001 /* HeadphoneMonitorApp.swift in Sources */ = {isa = PBXBuildFile; fileRef = 100000000000000000000001 /* HeadphoneMonitorApp.swift */; };
		200000000000000000000002 /* HeadsetControlService.swift in Sources */ = {isa = PBXBuildFile; fileRef = 100000000000000000000002 /* HeadsetControlService.swift */; };
		200000000000000000000003 /* MonitorViewModel.swift in Sources */ = {isa = PBXBuildFile; fileRef = 100000000000000000000003 /* MonitorViewModel.swift */; };
		200000000000000000000004 /* MonitorViews.swift in Sources */ = {isa = PBXBuildFile; fileRef = 100000000000000000000004 /* MonitorViews.swift */; };
		200000000000000000000005 /* Assets.xcassets in Resources */ = {isa = PBXBuildFile; fileRef = 100000000000000000000005 /* Assets.xcassets */; };
		200000000000000000000006 /* Localizable.strings in Resources */ = {isa = PBXBuildFile; fileRef = 300000000000000000000001 /* Localizable.strings */; };
		20000000000000000000000D /* detection.wav in Resources */ = {isa = PBXBuildFile; fileRef = 100000000000000000000010 /* detection.wav */; };
		20000000000000000000000E /* low.wav in Resources */ = {isa = PBXBuildFile; fileRef = 100000000000000000000011 /* low.wav */; };
		20000000000000000000000F /* info.wav in Resources */ = {isa = PBXBuildFile; fileRef = 100000000000000000000012 /* info.wav */; };
/* End PBXBuildFile section */

/* Begin PBXFileReference section */
		100000000000000000000001 /* HeadphoneMonitorApp.swift */ = {isa = PBXFileReference; lastKnownFileType = sourcecode.swift; path = HeadphoneMonitorApp.swift; sourceTree = "<group>"; };
		100000000000000000000002 /* HeadsetControlService.swift */ = {isa = PBXFileReference; lastKnownFileType = sourcecode.swift; path = HeadsetControlService.swift; sourceTree = "<group>"; };
		100000000000000000000003 /* MonitorViewModel.swift */ = {isa = PBXFileReference; lastKnownFileType = sourcecode.swift; path = MonitorViewModel.swift; sourceTree = "<group>"; };
		100000000000000000000004 /* MonitorViews.swift */ = {isa = PBXFileReference; lastKnownFileType = sourcecode.swift; path = MonitorViews.swift; sourceTree = "<group>"; };
		100000000000000000000005 /* Assets.xcassets */ = {isa = PBXFileReference; lastKnownFileType = folder.assetcatalog; path = Assets.xcassets; sourceTree = "<group>"; };
		100000000000000000000006 /* Info.plist */ = {isa = PBXFileReference; lastKnownFileType = text.plist.xml; path = Info.plist; sourceTree = "<group>"; };
		100000000000000000000007 /* en */ = {isa = PBXFileReference; lastKnownFileType = text.plist.strings; name = en; path = en.lproj/Localizable.strings; sourceTree = "<group>"; };
		100000000000000000000008 /* es */ = {isa = PBXFileReference; lastKnownFileType = text.plist.strings; name = es; path = es.lproj/Localizable.strings; sourceTree = "<group>"; };
		100000000000000000000009 /* Connected.svg */ = {isa = PBXFileReference; lastKnownFileType = text.xml; path = Connected.svg; sourceTree = "<group>"; };
		10000000000000000000000A /* Disconnected.svg */ = {isa = PBXFileReference; lastKnownFileType = text.xml; path = Disconnected.svg; sourceTree = "<group>"; };
		10000000000000000000000B /* Headphone monitor.app */ = {isa = PBXFileReference; explicitFileType = wrapper.application; includeInIndex = 0; path = "Headphone monitor.app"; sourceTree = BUILT_PRODUCTS_DIR; };
		10000000000000000000000C /* BatteryLow.svg */ = {isa = PBXFileReference; lastKnownFileType = text.xml; path = BatteryLow.svg; sourceTree = "<group>"; };
		10000000000000000000000D /* BatteryMedium.svg */ = {isa = PBXFileReference; lastKnownFileType = text.xml; path = BatteryMedium.svg; sourceTree = "<group>"; };
		10000000000000000000000E /* BatteryHigh.svg */ = {isa = PBXFileReference; lastKnownFileType = text.xml; path = BatteryHigh.svg; sourceTree = "<group>"; };
		10000000000000000000000F /* BatteryFull.svg */ = {isa = PBXFileReference; lastKnownFileType = text.xml; path = BatteryFull.svg; sourceTree = "<group>"; };
		100000000000000000000010 /* detection.wav */ = {isa = PBXFileReference; lastKnownFileType = audio.wav; path = detection.wav; sourceTree = "<group>"; };
		100000000000000000000011 /* low.wav */ = {isa = PBXFileReference; lastKnownFileType = audio.wav; path = low.wav; sourceTree = "<group>"; };
		100000000000000000000012 /* info.wav */ = {isa = PBXFileReference; lastKnownFileType = audio.wav; path = info.wav; sourceTree = "<group>"; };
/* End PBXFileReference section */

/* Begin PBXGroup section */
		400000000000000000000001 = {
			isa = PBXGroup;
			children = (
				400000000000000000000002 /* Code */,
				400000000000000000000003 /* Resources */,
				400000000000000000000004 /* Products */,
			);
			sourceTree = "<group>";
		};
		400000000000000000000002 /* Code */ = {
			isa = PBXGroup;
			children = (
				100000000000000000000001 /* HeadphoneMonitorApp.swift */,
				100000000000000000000002 /* HeadsetControlService.swift */,
				100000000000000000000003 /* MonitorViewModel.swift */,
				100000000000000000000004 /* MonitorViews.swift */,
			);
			path = Code;
			sourceTree = "<group>";
		};
		400000000000000000000003 /* Resources */ = {
			isa = PBXGroup;
			children = (
				100000000000000000000005 /* Assets.xcassets */,
				300000000000000000000001 /* Localizable.strings */,
				100000000000000000000006 /* Info.plist */,
				400000000000000000000005 /* svg */,
				400000000000000000000006 /* Sounds */,
			);
			path = Resources;
			sourceTree = "<group>";
		};
		400000000000000000000004 /* Products */ = {
			isa = PBXGroup;
			children = (
				10000000000000000000000B /* Headphone monitor.app */,
			);
			name = Products;
			sourceTree = "<group>";
		};
		400000000000000000000005 /* svg */ = {
			isa = PBXGroup;
			children = (
				100000000000000000000009 /* Connected.svg */,
				10000000000000000000000A /* Disconnected.svg */,
				10000000000000000000000C /* BatteryLow.svg */,
				10000000000000000000000D /* BatteryMedium.svg */,
				10000000000000000000000E /* BatteryHigh.svg */,
				10000000000000000000000F /* BatteryFull.svg */,
			);
			path = svg;
			sourceTree = "<group>";
		};
		400000000000000000000006 /* Sounds */ = {
			isa = PBXGroup;
			children = (
				100000000000000000000010 /* detection.wav */,
				100000000000000000000011 /* low.wav */,
				100000000000000000000012 /* info.wav */,
			);
			path = Sounds;
			sourceTree = "<group>";
		};
/* End PBXGroup section */

/* Begin PBXNativeTarget section */
		600000000000000000000001 /* Headphone monitor */ = {
			isa = PBXNativeTarget;
			buildConfigurationList = 800000000000000000000002 /* Build configuration list for PBXNativeTarget "Headphone monitor" */;
			buildPhases = (
				500000000000000000000001 /* Sources */,
				500000000000000000000002 /* Resources */,
			);
			buildRules = (
			);
			dependencies = (
			);
			name = "Headphone monitor";
			productName = "Headphone monitor";
			productReference = 10000000000000000000000B /* Headphone monitor.app */;
			productType = "com.apple.product-type.application";
		};
/* End PBXNativeTarget section */

/* Begin PBXProject section */
		700000000000000000000001 /* Project object */ = {
			isa = PBXProject;
			attributes = {
				LastUpgradeCheck = 2700;
				TargetAttributes = {
					600000000000000000000001 = {
						CreatedOnToolsVersion = 27.0;
					};
				};
			};
			buildConfigurationList = 800000000000000000000001 /* Build configuration list for PBXProject "HeadphoneMonitor" */;
			compatibilityVersion = "Xcode 14.0";
			developmentRegion = en;
			hasScannedForEncodings = 0;
			knownRegions = (
				en,
				es,
				Base,
			);
			mainGroup = 400000000000000000000001;
			productRefGroup = 400000000000000000000004 /* Products */;
			projectDirPath = "";
			projectRoot = "";
			targets = (
				600000000000000000000001 /* Headphone monitor */,
			);
		};
/* End PBXProject section */

/* Begin PBXResourcesBuildPhase section */
		500000000000000000000002 /* Resources */ = {
			isa = PBXResourcesBuildPhase;
			buildActionMask = 2147483647;
			files = (
				200000000000000000000005 /* Assets.xcassets in Resources */,
				200000000000000000000006 /* Localizable.strings in Resources */,
				20000000000000000000000D /* detection.wav in Resources */,
				20000000000000000000000E /* low.wav in Resources */,
				20000000000000000000000F /* info.wav in Resources */,
			);
			runOnlyForDeploymentPostprocessing = 0;
		};
/* End PBXResourcesBuildPhase section */

/* Begin PBXSourcesBuildPhase section */
		500000000000000000000001 /* Sources */ = {
			isa = PBXSourcesBuildPhase;
			buildActionMask = 2147483647;
			files = (
				200000000000000000000001 /* HeadphoneMonitorApp.swift in Sources */,
				200000000000000000000002 /* HeadsetControlService.swift in Sources */,
				200000000000000000000003 /* MonitorViewModel.swift in Sources */,
				200000000000000000000004 /* MonitorViews.swift in Sources */,
			);
			runOnlyForDeploymentPostprocessing = 0;
		};
/* End PBXSourcesBuildPhase section */

/* Begin PBXVariantGroup section */
		300000000000000000000001 /* Localizable.strings */ = {
			isa = PBXVariantGroup;
			children = (
				100000000000000000000007 /* en */,
				100000000000000000000008 /* es */,
			);
			name = Localizable.strings;
			sourceTree = "<group>";
		};
/* End PBXVariantGroup section */

/* Begin XCBuildConfiguration section */
		900000000000000000000001 /* Debug */ = {
			isa = XCBuildConfiguration;
			buildSettings = {
				CLANG_ENABLE_MODULES = YES;
				MACOSX_DEPLOYMENT_TARGET = 14.0;
				SDKROOT = macosx;
				SWIFT_VERSION = 6.0;
			};
			name = Debug;
		};
		900000000000000000000002 /* Release */ = {
			isa = XCBuildConfiguration;
			buildSettings = {
				CLANG_ENABLE_MODULES = YES;
				MACOSX_DEPLOYMENT_TARGET = 14.0;
				SDKROOT = macosx;
				SWIFT_VERSION = 6.0;
			};
			name = Release;
		};
		900000000000000000000003 /* Debug */ = {
			isa = XCBuildConfiguration;
			buildSettings = {
				ASSETCATALOG_COMPILER_APPICON_NAME = AppIcon;
				CODE_SIGNING_ALLOWED = NO;
				CURRENT_PROJECT_VERSION = 20260920;
				GENERATE_INFOPLIST_FILE = NO;
				INFOPLIST_FILE = Resources/Info.plist;
				INFOPLIST_KEY_LSApplicationCategoryType = "public.app-category.utilities";
				MARKETING_VERSION = 1.0;
				PRODUCT_BUNDLE_IDENTIFIER = com.tyflosaccessiblesoftware.headphonemonitor;
				PRODUCT_NAME = "Headphone monitor";
				SWIFT_STRICT_CONCURRENCY = complete;
				SWIFT_VERSION = 6.0;
				TARGETED_DEVICE_FAMILY = 1;
			};
			name = Debug;
		};
		900000000000000000000004 /* Release */ = {
			isa = XCBuildConfiguration;
			buildSettings = {
				ASSETCATALOG_COMPILER_APPICON_NAME = AppIcon;
				CODE_SIGNING_ALLOWED = NO;
				CURRENT_PROJECT_VERSION = 20260920;
				GENERATE_INFOPLIST_FILE = NO;
				INFOPLIST_FILE = Resources/Info.plist;
				INFOPLIST_KEY_LSApplicationCategoryType = "public.app-category.utilities";
				MARKETING_VERSION = 1.0;
				PRODUCT_BUNDLE_IDENTIFIER = com.tyflosaccessiblesoftware.headphonemonitor;
				PRODUCT_NAME = "Headphone monitor";
				SWIFT_STRICT_CONCURRENCY = complete;
				SWIFT_VERSION = 6.0;
				TARGETED_DEVICE_FAMILY = 1;
			};
			name = Release;
		};
/* End XCBuildConfiguration section */

/* Begin XCConfigurationList section */
		800000000000000000000001 /* Build configuration list for PBXProject "HeadphoneMonitor" */ = {
			isa = XCConfigurationList;
			buildConfigurations = (
				900000000000000000000001 /* Debug */,
				900000000000000000000002 /* Release */,
			);
			defaultConfigurationIsVisible = 0;
			defaultConfigurationName = Release;
		};
		800000000000000000000002 /* Build configuration list for PBXNativeTarget "Headphone monitor" */ = {
			isa = XCConfigurationList;
			buildConfigurations = (
				900000000000000000000003 /* Debug */,
				900000000000000000000004 /* Release */,
			);
			defaultConfigurationIsVisible = 0;
			defaultConfigurationName = Release;
		};
/* End XCConfigurationList section */
	};
	rootObject = 700000000000000000000001 /* Project object */;
}
